
Microsoft Visual Studio Solution File, Format Version 12.00
# Visual Studio Version 17
VisualStudioVersion = 17.6.33815.320
MinimumVisualStudioVersion = 10.0.40219.1
Project("{FAE04EC0-301F-11D3-BF4B-00C04F79EFBC}") = "ProjetoAGA", "ProjetoAGA\ProjetoAGA.csproj", "{594FE6AD-49BD-4B14-A030-C24A9A54344E}"
EndProject
Global
	GlobalSection(SolutionConfigurationPlatforms) = preSolution
		Debug|Any CPU = Debug|Any CPU
		Release|Any CPU = Release|Any CPU
	EndGlobalSection
	GlobalSection(ProjectConfigurationPlatforms) = postSolution
		{594FE6AD-49BD-4B14-A030-C24A9A54344E}.Debug|Any CPU.ActiveCfg = Debug|Any CPU
		{594FE6AD-49BD-4B14-A030-C24A9A54344E}.Debug|Any CPU.Build.0 = Debug|Any CPU
		{594FE6AD-49BD-4B14-A030-C24A9A54344E}.Release|Any CPU.ActiveCfg = Release|Any CPU
		{594FE6AD-49BD-4B14-A030-C24A9A54344E}.Release|Any CPU.Build.0 = Release|Any CPU
	EndGlobalSection
	GlobalSection(SolutionProperties) = preSolution
		HideSolutionNode = FALSE
	EndGlobalSection
	GlobalSection(ExtensibilityGlobals) = postSolution
		SolutionGuid = {DFC68EC9-4B2B-495E-8DD4-F9F1A6A2994F}
	EndGlobalSection
EndGlobal
